Microsoft Visual Studio Solution File, Format Version 11.00
# Visual Studio 2008

Project("{0F912E78-79D7-F4CD-11C4-F46923A524DF}") = "LillyvilleRPG", "Assembly-CSharp-firstpass.csproj", "{D3A45606-5CFD-FB95-B82D-2BCEB5E6C5FE}"
EndProject
Project("{0F912E78-79D7-F4CD-11C4-F46923A524DF}") = "LillyvilleRPG", "Assembly-CSharp.csproj", "{311CA39D-2E49-E856-F88B-54D6C4426B07}"
EndProject
Project("{0F912E78-79D7-F4CD-11C4-F46923A524DF}") = "LillyvilleRPG", "Assembly-CSharp-Editor.csproj", "{E46D5FC5-80E1-63A1-DCD5-1189EA49716B}"
EndProject
Global
	GlobalSection(SolutionConfigurationPlatforms) = preSolution
		Debug|Any CPU = Debug|Any CPU
		Release|Any CPU = Release|Any CPU
	EndGlobalSection
	GlobalSection(ProjectConfigurationPlatforms) = postSolution
		{D3A45606-5CFD-FB95-B82D-2BCEB5E6C5FE}.Debug|Any CPU.ActiveCfg = Debug|Any CPU
		{D3A45606-5CFD-FB95-B82D-2BCEB5E6C5FE}.Debug|Any CPU.Build.0 = Debug|Any CPU
		{D3A45606-5CFD-FB95-B82D-2BCEB5E6C5FE}.Release|Any CPU.ActiveCfg = Release|Any CPU
		{D3A45606-5CFD-FB95-B82D-2BCEB5E6C5FE}.Release|Any CPU.Build.0 = Release|Any CPU
		{311CA39D-2E49-E856-F88B-54D6C4426B07}.Debug|Any CPU.ActiveCfg = Debug|Any CPU
		{311CA39D-2E49-E856-F88B-54D6C4426B07}.Debug|Any CPU.Build.0 = Debug|Any CPU
		{311CA39D-2E49-E856-F88B-54D6C4426B07}.Release|Any CPU.ActiveCfg = Release|Any CPU
		{311CA39D-2E49-E856-F88B-54D6C4426B07}.Release|Any CPU.Build.0 = Release|Any CPU
		{E46D5FC5-80E1-63A1-DCD5-1189EA49716B}.Debug|Any CPU.ActiveCfg = Debug|Any CPU
		{E46D5FC5-80E1-63A1-DCD5-1189EA49716B}.Debug|Any CPU.Build.0 = Debug|Any CPU
		{E46D5FC5-80E1-63A1-DCD5-1189EA49716B}.Release|Any CPU.ActiveCfg = Release|Any CPU
		{E46D5FC5-80E1-63A1-DCD5-1189EA49716B}.Release|Any CPU.Build.0 = Release|Any CPU
	EndGlobalSection
	GlobalSection(SolutionProperties) = preSolution
		HideSolutionNode = FALSE
	EndGlobalSection
	GlobalSection(MonoDevelopProperties) = preSolution
		StartupItem = Assembly-CSharp.csproj
	EndGlobalSection
EndGlobal
